// !$*UTF8*$!
{
	archiveVersion = 1;
	classes = {
	};
	objectVersion = 46;
	objects = {

/* Begin PBXBuildFile section */
		9BD297301B84383E004038B1 /* AppDelegate.swift in Sources */ = {isa = PBXBuildFile; fileRef = 9BD2972F1B84383E004038B1 /* AppDelegate.swift */; };
		9BD297321B84383E004038B1 /* ViewController.swift in Sources */ = {isa = PBXBuildFile; fileRef = 9BD297311B84383E004038B1 /* ViewController.swift */; };
		9BD297351B84383E004038B1 /* EarningsTracker.xcdatamodeld in Sources */ = {isa = PBXBuildFile; fileRef = 9BD297331B84383E004038B1 /* EarningsTracker.xcdatamodeld */; };
		9BD297371B84383E004038B1 /* Assets.xcassets in Resources */ = {isa = PBXBuildFile; fileRef = 9BD297361B84383E004038B1 /* Assets.xcassets */; };
		9BD2973A1B84383E004038B1 /* Main.storyboard in Resources */ = {isa = PBXBuildFile; fileRef = 9BD297381B84383E004038B1 /* Main.storyboard */; };
/* End PBXBuildFile section */

/* Begin PBXFileReference section */
		9BD2972C1B84383E004038B1 /* EarningsTracker.app */ = {isa = PBXFileReference; explicitFileType = wrapper.application; includeInIndex = 0; path = EarningsTracker.app; sourceTree = BUILT_PRODUCTS_DIR; };
		9BD2972F1B84383E004038B1 /* AppDelegate.swift */ = {isa = PBXFileReference; lastKnownFileType = sourcecode.swift; path = AppDelegate.swift; sourceTree = "<group>"; };
		9BD297311B84383E004038B1 /* ViewController.swift */ = {isa = PBXFileReference; lastKnownFileType = sourcecode.swift; path = ViewController.swift; sourceTree = "<group>"; };
		9BD297341B84383E004038B1 /* EarningsTracker.xcdatamodel */ = {isa = PBXFileReference; lastKnownFileType = wrapper.xcdatamodel; path = EarningsTracker.xcdatamodel; sourceTree = "<group>"; };
		9BD297361B84383E004038B1 /* Assets.xcassets */ = {isa = PBXFileReference; lastKnownFileType = folder.assetcatalog; path = Assets.xcassets; sourceTree = "<group>"; };
		9BD297391B84383E004038B1 /* Base */ = {isa = PBXFileReference; lastKnownFileType = file.storyboard; name = Base; path = Base.lproj/Main.storyboard; sourceTree = "<group>"; };
		9BD2973B1B84383E004038B1 /* Info.plist */ = {isa = PBXFileReference; lastKnownFileType = text.plist.xml; path = Info.plist; sourceTree = "<group>"; };
/* End PBXFileReference section */

/* Begin PBXFrameworksBuildPhase section */
		9BD297291B84383E004038B1 /* Frameworks */ = {
			isa = PBXFrameworksBuildPhase;
			buildActionMask = 2147483647;
			files = (
			);
			runOnlyForDeploymentPostprocessing = 0;
		};
/* End PBXFrameworksBuildPhase section */

/* Begin PBXGroup section */
		9BD297231B84383E004038B1 = {
			isa = PBXGroup;
			children = (
				9BD2972E1B84383E004038B1 /* EarningsTracker */,
				9BD2972D1B84383E004038B1 /* Products */,
			);
			sourceTree = "<group>";
		};
		9BD2972D1B84383E004038B1 /* Products */ = {
			isa = PBXGroup;
			children = (
				9BD2972C1B84383E004038B1 /* EarningsTracker.app */,
			);
			name = Products;
			sourceTree = "<group>";
		};
		9BD2972E1B84383E004038B1 /* EarningsTracker */ = {
			isa = PBXGroup;
			children = (
				9BD2972F1B84383E004038B1 /* AppDelegate.swift */,
				9BD297311B84383E004038B1 /* ViewController.swift */,
				9BD297361B84383E004038B1 /* Assets.xcassets */,
				9BD297381B84383E004038B1 /* Main.storyboard */,
				9BD2973B1B84383E004038B1 /* Info.plist */,
				9BD297331B84383E004038B1 /* EarningsTracker.xcdatamodeld */,
			);
			path = EarningsTracker;
			sourceTree = "<group>";
		};
/* End PBXGroup section */

/* Begin PBXNativeTarget section */
		9BD2972B1B84383E004038B1 /* EarningsTracker */ = {
			isa = PBXNativeTarget;
			buildConfigurationList = 9BD2973E1B84383E004038B1 /* Build configuration list for PBXNativeTarget "EarningsTracker" */;
			buildPhases = (
				9BD297281B84383E004038B1 /* Sources */,
				9BD297291B84383E004038B1 /* Frameworks */,
				9BD2972A1B84383E004038B1 /* Resources */,
			);
			buildRules = (
			);
			dependencies = (
			);
			name = EarningsTracker;
			productName = EarningsTracker;
			productReference = 9BD2972C1B84383E004038B1 /* EarningsTracker.app */;
			productType = "com.apple.product-type.application";
		};
/* End PBXNativeTarget section */

/* Begin PBXProject section */
		9BD297241B84383E004038B1 /* Project object */ = {
			isa = PBXProject;
			attributes = {
				LastUpgradeCheck = 0700;
				ORGANIZATIONNAME = "Sanjoy Ghosh";
				TargetAttributes = {
					9BD2972B1B84383E004038B1 = {
						CreatedOnToolsVersion = 7.0;
					};
				};
			};
			buildConfigurationList = 9BD297271B84383E004038B1 /* Build configuration list for PBXProject "EarningsTracker" */;
			compatibilityVersion = "Xcode 3.2";
			developmentRegion = English;
			hasScannedForEncodings = 0;
			knownRegions = (
				en,
				Base,
			);
			mainGroup = 9BD297231B84383E004038B1;
			productRefGroup = 9BD2972D1B84383E004038B1 /* Products */;
			projectDirPath = "";
			projectRoot = "";
			targets = (
				9BD2972B1B84383E004038B1 /* EarningsTracker */,
			);
		};
/* End PBXProject section */

/* Begin PBXResourcesBuildPhase section */
		9BD2972A1B84383E004038B1 /* Resources */ = {
			isa = PBXResourcesBuildPhase;
			buildActionMask = 2147483647;
			files = (
				9BD297371B84383E004038B1 /* Assets.xcassets in Resources */,
				9BD2973A1B84383E004038B1 /* Main.storyboard in Resources */,
			);
			runOnlyForDeploymentPostprocessing = 0;
		};
/* End PBXResourcesBuildPhase section */

/* Begin PBXSourcesBuildPhase section */
		9BD297281B84383E004038B1 /* Sources */ = {
			isa = PBXSourcesBuildPhase;
			buildActionMask = 2147483647;
			files = (
				9BD297351B84383E004038B1 /* EarningsTracker.xcdatamodeld in Sources */,
				9BD297321B84383E004038B1 /* ViewController.swift in Sources */,
				9BD297301B84383E004038B1 /* AppDelegate.swift in Sources */,
			);
			runOnlyForDeploymentPostprocessing = 0;
		};
/* End PBXSourcesBuildPhase section */

/* Begin PBXVariantGroup section */
		9BD297381B84383E004038B1 /* Main.storyboard */ = {
			isa = PBXVariantGroup;
			children = (
				9BD297391B84383E004038B1 /* Base */,
			);
			name = Main.storyboard;
			sourceTree = "<group>";
		};
/* End PBXVariantGroup section */

/* Begin XCBuildConfiguration section */
		9BD2973C1B84383E004038B1 /* Debug */ = {
			isa = XCBuildConfiguration;
			buildSettings = {
				ALWAYS_SEARCH_USER_PATHS = NO;
				CLANG_CXX_LANGUAGE_STANDARD = "gnu++0x";
				CLANG_CXX_LIBRARY = "libc++";
				CLANG_ENABLE_MODULES = YES;
				CLANG_ENABLE_OBJC_ARC = YES;
				CLANG_WARN_BOOL_CONVERSION = YES;
				CLANG_WARN_CONSTANT_CONVERSION = YES;
				CLANG_WARN_DIRECT_OBJC_ISA_USAGE = YES_ERROR;
				CLANG_WARN_EMPTY_BODY = YES;
				CLANG_WARN_ENUM_CONVERSION = YES;
				CLANG_WARN_INT_CONVERSION = YES;
				CLANG_WARN_OBJC_ROOT_CLASS = YES_ERROR;
				CLANG_WARN_UNREACHABLE_CODE = YES;
				CLANG_WARN__DUPLICATE_METHOD_MATCH = YES;
				CODE_SIGN_IDENTITY = "-";
				COPY_PHASE_STRIP = NO;
				DEBUG_INFORMATION_FORMAT = dwarf;
				ENABLE_STRICT_OBJC_MSGSEND = YES;
				ENABLE_TESTABILITY = YES;
				GCC_C_LANGUAGE_STANDARD = gnu99;
				GCC_DYNAMIC_NO_PIC = NO;
				GCC_NO_COMMON_BLOCKS = YES;
				GCC_OPTIMIZATION_LEVEL = 0;
				GCC_PREPROCESSOR_DEFINITIONS = (
					"DEBUG=1",
					"$(inherited)",
				);
				GCC_WARN_64_TO_32_BIT_CONVERSION = YES;
				GCC_WARN_ABOUT_RETURN_TYPE = YES_ERROR;
				GCC_WARN_UNDECLARED_SELECTOR = YES;
				GCC_WARN_UNINITIALIZED_AUTOS = YES_AGGRESSIVE;
				GCC_WARN_UNUSED_FUNCTION = YES;
				GCC_WARN_UNUSED_VARIABLE = YES;
				MACOSX_DEPLOYMENT_TARGET = 10.10;
				MTL_ENABLE_DEBUG_INFO = YES;
				ONLY_ACTIVE_ARCH = YES;
				SDKROOT = macosx;
				SWIFT_OPTIMIZATION_LEVEL = "-Onone";
			};
			name = Debug;
		};
		9BD2973D1B84383E004038B1 /* Release */ = {
			isa = XCBuildConfiguration;
			buildSettings = {
				ALWAYS_SEARCH_USER_PATHS = NO;
				CLANG_CXX_LANGUAGE_STANDARD = "gnu++0x";
				CLANG_CXX_LIBRARY = "libc++";
				CLANG_ENABLE_MODULES = YES;
				CLANG_ENABLE_OBJC_ARC = YES;
				CLANG_WARN_BOOL_CONVERSION = YES;
				CLANG_WARN_CONSTANT_CONVERSION = YES;
				CLANG_WARN_DIRECT_OBJC_ISA_USAGE = YES_ERROR;
				CLANG_WARN_EMPTY_BODY = YES;
				CLANG_WARN_ENUM_CONVERSION = YES;
				CLANG_WARN_INT_CONVERSION = YES;
				CLANG_WARN_OBJC_ROOT_CLASS = YES_ERROR;
				CLANG_WARN_UNREACHABLE_CODE = YES;
				CLANG_WARN__DUPLICATE_METHOD_MATCH = YES;
				CODE_SIGN_IDENTITY = "-";
				COPY_PHASE_STRIP = NO;
				DEBUG_INFORMATION_FORMAT = "dwarf-with-dsym";
				ENABLE_NS_ASSERTIONS = NO;
				ENABLE_STRICT_OBJC_MSGSEND = YES;
				GCC_C_LANGUAGE_STANDARD = gnu99;
				GCC_NO_COMMON_BLOCKS = YES;
				GCC_WARN_64_TO_32_BIT_CONVERSION = YES;
				GCC_WARN_ABOUT_RETURN_TYPE = YES_ERROR;
				GCC_WARN_UNDECLARED_SELECTOR = YES;
				GCC_WARN_UNINITIALIZED_AUTOS = YES_AGGRESSIVE;
				GCC_WARN_UNUSED_FUNCTION = YES;
				GCC_WARN_UNUSED_VARIABLE = YES;
				MACOSX_DEPLOYMENT_TARGET = 10.10;
				MTL_ENABLE_DEBUG_INFO = NO;
				SDKROOT = macosx;
			};
			name = Release;
		};
		9BD2973F1B84383E004038B1 /* Debug */ = {
			isa = XCBuildConfiguration;
			buildSettings = {
				ASSETCATALOG_COMPILER_APPICON_NAME = AppIcon;
				COMBINE_HIDPI_IMAGES = YES;
				INFOPLIST_FILE = EarningsTracker/Info.plist;
				LD_RUNPATH_SEARCH_PATHS = "$(inherited) @executable_path/../Frameworks";
				PRODUCT_BUNDLE_IDENTIFIER = com.sanjoyghosh.EarningsTracker;
				PRODUCT_NAME = "$(TARGET_NAME)";
			};
			name = Debug;
		};
		9BD297401B84383E004038B1 /* Release */ = {
			isa = XCBuildConfiguration;
			buildSettings = {
				ASSETCATALOG_COMPILER_APPICON_NAME = AppIcon;
				COMBINE_HIDPI_IMAGES = YES;
				INFOPLIST_FILE = EarningsTracker/Info.plist;
				LD_RUNPATH_SEARCH_PATHS = "$(inherited) @executable_path/../Frameworks";
				PRODUCT_BUNDLE_IDENTIFIER = com.sanjoyghosh.EarningsTracker;
				PRODUCT_NAME = "$(TARGET_NAME)";
			};
			name = Release;
		};
/* End XCBuildConfiguration section */

/* Begin XCConfigurationList section */
		9BD297271B84383E004038B1 /* Build configuration list for PBXProject "EarningsTracker" */ = {
			isa = XCConfigurationList;
			buildConfigurations = (
				9BD2973C1B84383E004038B1 /* Debug */,
				9BD2973D1B84383E004038B1 /* Release */,
			);
			defaultConfigurationIsVisible = 0;
			defaultConfigurationName = Release;
		};
		9BD2973E1B84383E004038B1 /* Build configuration list for PBXNativeTarget "EarningsTracker" */ = {
			isa = XCConfigurationList;
			buildConfigurations = (
				9BD2973F1B84383E004038B1 /* Debug */,
				9BD297401B84383E004038B1 /* Release */,
			);
			defaultConfigurationIsVisible = 0;
		};
/* End XCConfigurationList section */

/* Begin XCVersionGroup section */
		9BD297331B84383E004038B1 /* EarningsTracker.xcdatamodeld */ = {
			isa = XCVersionGroup;
			children = (
				9BD297341B84383E004038B1 /* EarningsTracker.xcdatamodel */,
			);
			currentVersion = 9BD297341B84383E004038B1 /* EarningsTracker.xcdatamodel */;
			path = EarningsTracker.xcdatamodeld;
			sourceTree = "<group>";
			versionGroupType = wrapper.xcdatamodel;
		};
/* End XCVersionGroup section */
	};
	rootObject = 9BD297241B84383E004038B1 /* Project object */;
}
